// !$*UTF8*$!
{
	archiveVersion = 1;
	classes = {
	};
	objectVersion = 50;
	objects = {

/* Begin PBXBuildFile section */
		224AB355260DF81F00649A2A /* AppDelegate.swift in Sources */ = {isa = PBXBuildFile; fileRef = 224AB354260DF81F00649A2A /* AppDelegate.swift */; };
		224AB357260DF81F00649A2A /* SceneDelegate.swift in Sources */ = {isa = PBXBuildFile; fileRef = 224AB356260DF81F00649A2A /* SceneDelegate.swift */; };
		224AB35C260DF81F00649A2A /* Main.storyboard in Resources */ = {isa = PBXBuildFile; fileRef = 224AB35A260DF81F00649A2A /* Main.storyboard */; };
		224AB35E260DF82100649A2A /* Assets.xcassets in Resources */ = {isa = PBXBuildFile; fileRef = 224AB35D260DF82100649A2A /* Assets.xcassets */; };
		224AB361260DF82100649A2A /* LaunchScreen.storyboard in Resources */ = {isa = PBXBuildFile; fileRef = 224AB35F260DF82100649A2A /* LaunchScreen.storyboard */; };
		224AB36C260DF88D00649A2A /* TableViewController.swift in Sources */ = {isa = PBXBuildFile; fileRef = 224AB36B260DF88D00649A2A /* TableViewController.swift */; };
		224AB36F260DF8FA00649A2A /* CellTableView.swift in Sources */ = {isa = PBXBuildFile; fileRef = 224AB36E260DF8FA00649A2A /* CellTableView.swift */; };
		224AB374260E028A00649A2A /* APIKey.swift in Sources */ = {isa = PBXBuildFile; fileRef = 224AB373260E028A00649A2A /* APIKey.swift */; };
		224AB378260E03E800649A2A /* News.swift in Sources */ = {isa = PBXBuildFile; fileRef = 224AB377260E03E800649A2A /* News.swift */; };
		224AB37D260E06B700649A2A /* NetworkManager.swift in Sources */ = {isa = PBXBuildFile; fileRef = 224AB37C260E06B700649A2A /* NetworkManager.swift */; };
/* End PBXBuildFile section */

/* Begin PBXFileReference section */
		224AB351260DF81F00649A2A /* TestNews.app */ = {isa = PBXFileReference; explicitFileType = wrapper.application; includeInIndex = 0; path = TestNews.app; sourceTree = BUILT_PRODUCTS_DIR; };
		224AB354260DF81F00649A2A /* AppDelegate.swift */ = {isa = PBXFileReference; lastKnownFileType = sourcecode.swift; path = AppDelegate.swift; sourceTree = "<group>"; };
		224AB356260DF81F00649A2A /* SceneDelegate.swift */ = {isa = PBXFileReference; lastKnownFileType = sourcecode.swift; path = SceneDelegate.swift; sourceTree = "<group>"; };
		224AB35B260DF81F00649A2A /* Base */ = {isa = PBXFileReference; lastKnownFileType = file.storyboard; name = Base; path = Base.lproj/Main.storyboard; sourceTree = "<group>"; };
		224AB35D260DF82100649A2A /* Assets.xcassets */ = {isa = PBXFileReference; lastKnownFileType = folder.assetcatalog; path = Assets.xcassets; sourceTree = "<group>"; };
		224AB360260DF82100649A2A /* Base */ = {isa = PBXFileReference; lastKnownFileType = file.storyboard; name = Base; path = Base.lproj/LaunchScreen.storyboard; sourceTree = "<group>"; };
		224AB362260DF82100649A2A /* Info.plist */ = {isa = PBXFileReference; lastKnownFileType = text.plist.xml; path = Info.plist; sourceTree = "<group>"; };
		224AB36B260DF88D00649A2A /* TableViewController.swift */ = {isa = PBXFileReference; lastKnownFileType = sourcecode.swift; path = TableViewController.swift; sourceTree = "<group>"; };
		224AB36E260DF8FA00649A2A /* CellTableView.swift */ = {isa = PBXFileReference; lastKnownFileType = sourcecode.swift; path = CellTableView.swift; sourceTree = "<group>"; };
		224AB373260E028A00649A2A /* APIKey.swift */ = {isa = PBXFileReference; lastKnownFileType = sourcecode.swift; path = APIKey.swift; sourceTree = "<group>"; };
		224AB377260E03E800649A2A /* News.swift */ = {isa = PBXFileReference; lastKnownFileType = sourcecode.swift; path = News.swift; sourceTree = "<group>"; };
		224AB37C260E06B700649A2A /* NetworkManager.swift */ = {isa = PBXFileReference; lastKnownFileType = sourcecode.swift; path = NetworkManager.swift; sourceTree = "<group>"; };
/* End PBXFileReference section */

/* Begin PBXFrameworksBuildPhase section */
		224AB34E260DF81F00649A2A /* Frameworks */ = {
			isa = PBXFrameworksBuildPhase;
			buildActionMask = 2147483647;
			files = (
			);
			runOnlyForDeploymentPostprocessing = 0;
		};
/* End PBXFrameworksBuildPhase section */

/* Begin PBXGroup section */
		224AB348260DF81F00649A2A = {
			isa = PBXGroup;
			children = (
				224AB353260DF81F00649A2A /* TestNews */,
				224AB352260DF81F00649A2A /* Products */,
			);
			sourceTree = "<group>";
		};
		224AB352260DF81F00649A2A /* Products */ = {
			isa = PBXGroup;
			children = (
				224AB351260DF81F00649A2A /* TestNews.app */,
			);
			name = Products;
			sourceTree = "<group>";
		};
		224AB353260DF81F00649A2A /* TestNews */ = {
			isa = PBXGroup;
			children = (
				224AB354260DF81F00649A2A /* AppDelegate.swift */,
				224AB356260DF81F00649A2A /* SceneDelegate.swift */,
				224AB373260E028A00649A2A /* APIKey.swift */,
				224AB36B260DF88D00649A2A /* TableViewController.swift */,
				224AB36E260DF8FA00649A2A /* CellTableView.swift */,
				224AB35A260DF81F00649A2A /* Main.storyboard */,
				224AB376260E03C500649A2A /* models */,
				224AB37B260E069A00649A2A /* Services */,
				224AB35D260DF82100649A2A /* Assets.xcassets */,
				224AB35F260DF82100649A2A /* LaunchScreen.storyboard */,
				224AB362260DF82100649A2A /* Info.plist */,
			);
			path = TestNews;
			sourceTree = "<group>";
		};
		224AB376260E03C500649A2A /* models */ = {
			isa = PBXGroup;
			children = (
				224AB377260E03E800649A2A /* News.swift */,
			);
			path = models;
			sourceTree = "<group>";
		};
		224AB37B260E069A00649A2A /* Services */ = {
			isa = PBXGroup;
			children = (
				224AB37C260E06B700649A2A /* NetworkManager.swift */,
			);
			path = Services;
			sourceTree = "<group>";
		};
/* End PBXGroup section */

/* Begin PBXNativeTarget section */
		224AB350260DF81F00649A2A /* TestNews */ = {
			isa = PBXNativeTarget;
			buildConfigurationList = 224AB365260DF82100649A2A /* Build configuration list for PBXNativeTarget "TestNews" */;
			buildPhases = (
				224AB34D260DF81F00649A2A /* Sources */,
				224AB34E260DF81F00649A2A /* Frameworks */,
				224AB34F260DF81F00649A2A /* Resources */,
			);
			buildRules = (
			);
			dependencies = (
			);
			name = TestNews;
			productName = TestNews;
			productReference = 224AB351260DF81F00649A2A /* TestNews.app */;
			productType = "com.apple.product-type.application";
		};
/* End PBXNativeTarget section */

/* Begin PBXProject section */
		224AB349260DF81F00649A2A /* Project object */ = {
			isa = PBXProject;
			attributes = {
				LastSwiftUpdateCheck = 1240;
				LastUpgradeCheck = 1240;
				TargetAttributes = {
					224AB350260DF81F00649A2A = {
						CreatedOnToolsVersion = 12.4;
					};
				};
			};
			buildConfigurationList = 224AB34C260DF81F00649A2A /* Build configuration list for PBXProject "TestNews" */;
			compatibilityVersion = "Xcode 9.3";
			developmentRegion = en;
			hasScannedForEncodings = 0;
			knownRegions = (
				en,
				Base,
			);
			mainGroup = 224AB348260DF81F00649A2A;
			productRefGroup = 224AB352260DF81F00649A2A /* Products */;
			projectDirPath = "";
			projectRoot = "";
			targets = (
				224AB350260DF81F00649A2A /* TestNews */,
			);
		};
/* End PBXProject section */

/* Begin PBXResourcesBuildPhase section */
		224AB34F260DF81F00649A2A /* Resources */ = {
			isa = PBXResourcesBuildPhase;
			buildActionMask = 2147483647;
			files = (
				224AB361260DF82100649A2A /* LaunchScreen.storyboard in Resources */,
				224AB35E260DF82100649A2A /* Assets.xcassets in Resources */,
				224AB35C260DF81F00649A2A /* Main.storyboard in Resources */,
			);
			runOnlyForDeploymentPostprocessing = 0;
		};
/* End PBXResourcesBuildPhase section */

/* Begin PBXSourcesBuildPhase section */
		224AB34D260DF81F00649A2A /* Sources */ = {
			isa = PBXSourcesBuildPhase;
			buildActionMask = 2147483647;
			files = (
				224AB378260E03E800649A2A /* News.swift in Sources */,
				224AB355260DF81F00649A2A /* AppDelegate.swift in Sources */,
				224AB36F260DF8FA00649A2A /* CellTableView.swift in Sources */,
				224AB37D260E06B700649A2A /* NetworkManager.swift in Sources */,
				224AB36C260DF88D00649A2A /* TableViewController.swift in Sources */,
				224AB357260DF81F00649A2A /* SceneDelegate.swift in Sources */,
				224AB374260E028A00649A2A /* APIKey.swift in Sources */,
			);
			runOnlyForDeploymentPostprocessing = 0;
		};
/* End PBXSourcesBuildPhase section */

/* Begin PBXVariantGroup section */
		224AB35A260DF81F00649A2A /* Main.storyboard */ = {
			isa = PBXVariantGroup;
			children = (
				224AB35B260DF81F00649A2A /* Base */,
			);
			name = Main.storyboard;
			sourceTree = "<group>";
		};
		224AB35F260DF82100649A2A /* LaunchScreen.storyboard */ = {
			isa = PBXVariantGroup;
			children = (
				224AB360260DF82100649A2A /* Base */,
			);
			name = LaunchScreen.storyboard;
			sourceTree = "<group>";
		};
/* End PBXVariantGroup section */

/* Begin XCBuildConfiguration section */
		224AB363260DF82100649A2A /* Debug */ = {
			isa = XCBuildConfiguration;
			buildSettings = {
				ALWAYS_SEARCH_USER_PATHS = NO;
				CLANG_ANALYZER_NONNULL = YES;
				CLANG_ANALYZER_NUMBER_OBJECT_CONVERSION = YES_AGGRESSIVE;
				CLANG_CXX_LANGUAGE_STANDARD = "gnu++14";
				CLANG_CXX_LIBRARY = "libc++";
				CLANG_ENABLE_MODULES = YES;
				CLANG_ENABLE_OBJC_ARC = YES;
				CLANG_ENABLE_OBJC_WEAK = YES;
				CLANG_WARN_BLOCK_CAPTURE_AUTORELEASING = YES;
				CLANG_WARN_BOOL_CONVERSION = YES;
				CLANG_WARN_COMMA = YES;
				CLANG_WARN_CONSTANT_CONVERSION = YES;
				CLANG_WARN_DEPRECATED_OBJC_IMPLEMENTATIONS = YES;
				CLANG_WARN_DIRECT_OBJC_ISA_USAGE = YES_ERROR;
				CLANG_WARN_DOCUMENTATION_COMMENTS = YES;
				CLANG_WARN_EMPTY_BODY = YES;
				CLANG_WARN_ENUM_CONVERSION = YES;
				CLANG_WARN_INFINITE_RECURSION = YES;
				CLANG_WARN_INT_CONVERSION = YES;
				CLANG_WARN_NON_LITERAL_NULL_CONVERSION = YES;
				CLANG_WARN_OBJC_IMPLICIT_RETAIN_SELF = YES;
				CLANG_WARN_OBJC_LITERAL_CONVERSION = YES;
				CLANG_WARN_OBJC_ROOT_CLASS = YES_ERROR;
				CLANG_WARN_QUOTED_INCLUDE_IN_FRAMEWORK_HEADER = YES;
				CLANG_WARN_RANGE_LOOP_ANALYSIS = YES;
				CLANG_WARN_STRICT_PROTOTYPES = YES;
				CLANG_WARN_SUSPICIOUS_MOVE = YES;
				CLANG_WARN_UNGUARDED_AVAILABILITY = YES_AGGRESSIVE;
				CLANG_WARN_UNREACHABLE_CODE = YES;
				CLANG_WARN__DUPLICATE_METHOD_MATCH = YES;
				COPY_PHASE_STRIP = NO;
				DEBUG_INFORMATION_FORMAT = dwarf;
				ENABLE_STRICT_OBJC_MSGSEND = YES;
				ENABLE_TESTABILITY = YES;
				GCC_C_LANGUAGE_STANDARD = gnu11;
				GCC_DYNAMIC_NO_PIC = NO;
				GCC_NO_COMMON_BLOCKS = YES;
				GCC_OPTIMIZATION_LEVEL = 0;
				GCC_PREPROCESSOR_DEFINITIONS = (
					"DEBUG=1",
					"$(inherited)",
				);
				GCC_WARN_64_TO_32_BIT_CONVERSION = YES;
				GCC_WARN_ABOUT_RETURN_TYPE = YES_ERROR;
				GCC_WARN_UNDECLARED_SELECTOR = YES;
				GCC_WARN_UNINITIALIZED_AUTOS = YES_AGGRESSIVE;
				GCC_WARN_UNUSED_FUNCTION = YES;
				GCC_WARN_UNUSED_VARIABLE = YES;
				IPHONEOS_DEPLOYMENT_TARGET = 14.4;
				MTL_ENABLE_DEBUG_INFO = INCLUDE_SOURCE;
				MTL_FAST_MATH = YES;
				ONLY_ACTIVE_ARCH = YES;
				SDKROOT = iphoneos;
				SWIFT_ACTIVE_COMPILATION_CONDITIONS = DEBUG;
				SWIFT_OPTIMIZATION_LEVEL = "-Onone";
			};
			name = Debug;
		};
		224AB364260DF82100649A2A /* Release */ = {
			isa = XCBuildConfiguration;
			buildSettings = {
				ALWAYS_SEARCH_USER_PATHS = NO;
				CLANG_ANALYZER_NONNULL = YES;
				CLANG_ANALYZER_NUMBER_OBJECT_CONVERSION = YES_AGGRESSIVE;
				CLANG_CXX_LANGUAGE_STANDARD = "gnu++14";
				CLANG_CXX_LIBRARY = "libc++";
				CLANG_ENABLE_MODULES = YES;
				CLANG_ENABLE_OBJC_ARC = YES;
				CLANG_ENABLE_OBJC_WEAK = YES;
				CLANG_WARN_BLOCK_CAPTURE_AUTORELEASING = YES;
				CLANG_WARN_BOOL_CONVERSION = YES;
				CLANG_WARN_COMMA = YES;
				CLANG_WARN_CONSTANT_CONVERSION = YES;
				CLANG_WARN_DEPRECATED_OBJC_IMPLEMENTATIONS = YES;
				CLANG_WARN_DIRECT_OBJC_ISA_USAGE = YES_ERROR;
				CLANG_WARN_DOCUMENTATION_COMMENTS = YES;
				CLANG_WARN_EMPTY_BODY = YES;
				CLANG_WARN_ENUM_CONVERSION = YES;
				CLANG_WARN_INFINITE_RECURSION = YES;
				CLANG_WARN_INT_CONVERSION = YES;
				CLANG_WARN_NON_LITERAL_NULL_CONVERSION = YES;
				CLANG_WARN_OBJC_IMPLICIT_RETAIN_SELF = YES;
				CLANG_WARN_OBJC_LITERAL_CONVERSION = YES;
				CLANG_WARN_OBJC_ROOT_CLASS = YES_ERROR;
				CLANG_WARN_QUOTED_INCLUDE_IN_FRAMEWORK_HEADER = YES;
				CLANG_WARN_RANGE_LOOP_ANALYSIS = YES;
				CLANG_WARN_STRICT_PROTOTYPES = YES;
				CLANG_WARN_SUSPICIOUS_MOVE = YES;
				CLANG_WARN_UNGUARDED_AVAILABILITY = YES_AGGRESSIVE;
				CLANG_WARN_UNREACHABLE_CODE = YES;
				CLANG_WARN__DUPLICATE_METHOD_MATCH = YES;
				COPY_PHASE_STRIP = NO;
				DEBUG_INFORMATION_FORMAT = "dwarf-with-dsym";
				ENABLE_NS_ASSERTIONS = NO;
				ENABLE_STRICT_OBJC_MSGSEND = YES;
				GCC_C_LANGUAGE_STANDARD = gnu11;
				GCC_NO_COMMON_BLOCKS = YES;
				GCC_WARN_64_TO_32_BIT_CONVERSION = YES;
				GCC_WARN_ABOUT_RETURN_TYPE = YES_ERROR;
				GCC_WARN_UNDECLARED_SELECTOR = YES;
				GCC_WARN_UNINITIALIZED_AUTOS = YES_AGGRESSIVE;
				GCC_WARN_UNUSED_FUNCTION = YES;
				GCC_WARN_UNUSED_VARIABLE = YES;
				IPHONEOS_DEPLOYMENT_TARGET = 14.4;
				MTL_ENABLE_DEBUG_INFO = NO;
				MTL_FAST_MATH = YES;
				SDKROOT = iphoneos;
				SWIFT_COMPILATION_MODE = wholemodule;
				SWIFT_OPTIMIZATION_LEVEL = "-O";
				VALIDATE_PRODUCT = YES;
			};
			name = Release;
		};
		224AB366260DF82100649A2A /* Debug */ = {
			isa = XCBuildConfiguration;
			buildSettings = {
				ASSETCATALOG_COMPILER_APPICON_NAME = AppIcon;
				ASSETCATALOG_COMPILER_GLOBAL_ACCENT_COLOR_NAME = AccentColor;
				CODE_SIGN_STYLE = Automatic;
				INFOPLIST_FILE = TestNews/Info.plist;
				LD_RUNPATH_SEARCH_PATHS = (
					"$(inherited)",
					"@executable_path/Frameworks",
				);
				PRODUCT_BUNDLE_IDENTIFIER = "knyazev-.TestNews";
				PRODUCT_NAME = "$(TARGET_NAME)";
				SWIFT_VERSION = 5.0;
				TARGETED_DEVICE_FAMILY = 1;
			};
			name = Debug;
		};
		224AB367260DF82100649A2A /* Release */ = {
			isa = XCBuildConfiguration;
			buildSettings = {
				ASSETCATALOG_COMPILER_APPICON_NAME = AppIcon;
				ASSETCATALOG_COMPILER_GLOBAL_ACCENT_COLOR_NAME = AccentColor;
				CODE_SIGN_STYLE = Automatic;
				INFOPLIST_FILE = TestNews/Info.plist;
				LD_RUNPATH_SEARCH_PATHS = (
					"$(inherited)",
					"@executable_path/Frameworks",
				);
				PRODUCT_BUNDLE_IDENTIFIER = "knyazev-.TestNews";
				PRODUCT_NAME = "$(TARGET_NAME)";
				SWIFT_VERSION = 5.0;
				TARGETED_DEVICE_FAMILY = 1;
			};
			name = Release;
		};
/* End XCBuildConfiguration section */

/* Begin XCConfigurationList section */
		224AB34C260DF81F00649A2A /* Build configuration list for PBXProject "TestNews" */ = {
			isa = XCConfigurationList;
			buildConfigurations = (
				224AB363260DF82100649A2A /* Debug */,
				224AB364260DF82100649A2A /* Release */,
			);
			defaultConfigurationIsVisible = 0;
			defaultConfigurationName = Release;
		};
		224AB365260DF82100649A2A /* Build configuration list for PBXNativeTarget "TestNews" */ = {
			isa = XCConfigurationList;
			buildConfigurations = (
				224AB366260DF82100649A2A /* Debug */,
				224AB367260DF82100649A2A /* Release */,
			);
			defaultConfigurationIsVisible = 0;
			defaultConfigurationName = Release;
		};
/* End XCConfigurationList section */
	};
	rootObject = 224AB349260DF81F00649A2A /* Project object */;
}
